{
    "hash": "ea1ce760ebde77ebb8ea6e6f98ebd911",
    "packages": [
        {
            "name": "apexstudios/yamwlib",
            "version": "dev-master",
            "source": {
                "type": "git",
                "url": "https://github.com/apexstudios/yamwlib",
                "reference": "17feab292671c898de1ef5a995ccc383428717b4"
            },
            "require": {
                "php": ">=5.3.0"
            },
            "time": "2013-02-21 23:51:35",
            "type": "library",
            "autoload": {
                "psr-0": {
                    "YamwLibs": "src/"
                }
            },
            "authors": [
                {
                    "name": "Anh Nhan Nguyen",
                    "email": "anhnhan@outlook.com"
                }
            ],
            "homepage": "http://github.com/apexstudios/yamwlib"
        }
    ],
    "packages-dev": null,
    "aliases": [

    ],
    "minimum-stability": "dev",
    "stability-flags": [

    ]
}
